
Microsoft Visual Studio Solution File, Format Version 12.00
# Visual Studio Version 17
VisualStudioVersion = 17.6.33815.320
MinimumVisualStudioVersion = 10.0.40219.1
Project("{9A19103F-16F7-4668-BE54-9A1E7A4F7556}") = "ModbusTCPIP", "ModbusTCPIP\ModbusTCPIP.csproj", "{C243A5F0-EE8E-4AB8-AABD-8A0B205EC40B}"
EndProject
Project("{FAE04EC0-301F-11D3-BF4B-00C04F79EFBC}") = "TestModbusTCPIP", "TestModbusTCPIP\TestModbusTCPIP.csproj", "{DF98028F-5130-4644-9D09-F642FF9D9DB3}"
EndProject
Global
	GlobalSection(SolutionConfigurationPlatforms) = preSolution
		Debug|Any CPU = Debug|Any CPU
		Release|Any CPU = Release|Any CPU
	EndGlobalSection
	GlobalSection(ProjectConfigurationPlatforms) = postSolution
		{C243A5F0-EE8E-4AB8-AABD-8A0B205EC40B}.Debug|Any CPU.ActiveCfg = Debug|Any CPU
		{C243A5F0-EE8E-4AB8-AABD-8A0B205EC40B}.Debug|Any CPU.Build.0 = Debug|Any CPU
		{C243A5F0-EE8E-4AB8-AABD-8A0B205EC40B}.Release|Any CPU.ActiveCfg = Release|Any CPU
		{C243A5F0-EE8E-4AB8-AABD-8A0B205EC40B}.Release|Any CPU.Build.0 = Release|Any CPU
		{DF98028F-5130-4644-9D09-F642FF9D9DB3}.Debug|Any CPU.ActiveCfg = Debug|Any CPU
		{DF98028F-5130-4644-9D09-F642FF9D9DB3}.Debug|Any CPU.Build.0 = Debug|Any CPU
		{DF98028F-5130-4644-9D09-F642FF9D9DB3}.Release|Any CPU.ActiveCfg = Release|Any CPU
		{DF98028F-5130-4644-9D09-F642FF9D9DB3}.Release|Any CPU.Build.0 = Release|Any CPU
	EndGlobalSection
	GlobalSection(SolutionProperties) = preSolution
		HideSolutionNode = FALSE
	EndGlobalSection
	GlobalSection(ExtensibilityGlobals) = postSolution
		SolutionGuid = {64BA1B77-1469-40E8-AA7A-41BBFF4D0579}
	EndGlobalSection
EndGlobal
